{
  "name": "secbin",
  "version": "0.1.0",
  "lockfileVersion": 3,
  "requires": true,
  "packages": {
    "": {
      "name": "secbin",
      "version": "0.1.0",
      "license": "MIT",
      "bin": {
        "secbin": "bin/secbin.js"
      },
      "engines": {
        "node": ">=20"
      }
    }
  }
}
